
Microsoft Visual Studio Solution File, Format Version 12.00
# Visual Studio Version 17
VisualStudioVersion = 17.0.31903.59
MinimumVisualStudioVersion = 10.0.40219.1
Project("{FAE04EC0-301F-11D3-BF4B-00C04F79EFBC}") = "API", "API\API.csproj", "{3E866D36-8583-4AC0-A423-5BB82272255A}"
EndProject
Project("{FAE04EC0-301F-11D3-BF4B-00C04F79EFBC}") = "Core", "Core\Core.csproj", "{1ED2C4AC-2B47-4D31-B7D8-712A4176B440}"
EndProject
Project("{FAE04EC0-301F-11D3-BF4B-00C04F79EFBC}") = "Infrastructure", "Infrastructure\Infrastructure.csproj", "{D8602B40-E0B4-4463-BEF0-6F8A300BC5A1}"
EndProject
Global
	GlobalSection(SolutionConfigurationPlatforms) = preSolution
		Debug|Any CPU = Debug|Any CPU
		Release|Any CPU = Release|Any CPU
	EndGlobalSection
	GlobalSection(SolutionProperties) = preSolution
		HideSolutionNode = FALSE
	EndGlobalSection
	GlobalSection(ProjectConfigurationPlatforms) = postSolution
		{3E866D36-8583-4AC0-A423-5BB82272255A}.Debug|Any CPU.ActiveCfg = Debug|Any CPU
		{3E866D36-8583-4AC0-A423-5BB82272255A}.Debug|Any CPU.Build.0 = Debug|Any CPU
		{3E866D36-8583-4AC0-A423-5BB82272255A}.Release|Any CPU.ActiveCfg = Release|Any CPU
		{3E866D36-8583-4AC0-A423-5BB82272255A}.Release|Any CPU.Build.0 = Release|Any CPU
		{1ED2C4AC-2B47-4D31-B7D8-712A4176B440}.Debug|Any CPU.ActiveCfg = Debug|Any CPU
		{1ED2C4AC-2B47-4D31-B7D8-712A4176B440}.Debug|Any CPU.Build.0 = Debug|Any CPU
		{1ED2C4AC-2B47-4D31-B7D8-712A4176B440}.Release|Any CPU.ActiveCfg = Release|Any CPU
		{1ED2C4AC-2B47-4D31-B7D8-712A4176B440}.Release|Any CPU.Build.0 = Release|Any CPU
		{D8602B40-E0B4-4463-BEF0-6F8A300BC5A1}.Debug|Any CPU.ActiveCfg = Debug|Any CPU
		{D8602B40-E0B4-4463-BEF0-6F8A300BC5A1}.Debug|Any CPU.Build.0 = Debug|Any CPU
		{D8602B40-E0B4-4463-BEF0-6F8A300BC5A1}.Release|Any CPU.ActiveCfg = Release|Any CPU
		{D8602B40-E0B4-4463-BEF0-6F8A300BC5A1}.Release|Any CPU.Build.0 = Release|Any CPU
	EndGlobalSection
EndGlobal
